
Microsoft Visual Studio Solution File, Format Version 12.00
# Visual Studio Version 17
VisualStudioVersion = 17.5.33414.496
MinimumVisualStudioVersion = 10.0.40219.1
Project("{2150E333-8FDC-42A3-9474-1A3956D46DE8}") = "WorkSchedule", "WorkSchedule", "{193DA631-86E6-4291-84B8-6B28DFBA8554}"
EndProject
Project("{9A19103F-16F7-4668-BE54-9A1E7A4F7556}") = "WorkSchedule.Desktop", "WorkSchedule.Desktop\WorkSchedule.Desktop.csproj", "{957BCD28-83C0-4FA3-A6AA-067E427F9BD4}"
EndProject
Project("{2150E333-8FDC-42A3-9474-1A3956D46DE8}") = "Employee", "Employee", "{02EA681E-C7D8-13C7-8484-4AC65E1B71E8}"
EndProject
Project("{FAE04EC0-301F-11D3-BF4B-00C04F79EFBC}") = "Employee.Contracts", "Employee.Contracts\Employee.Contracts.csproj", "{D1BAEED3-EB70-4641-801D-11B0CDB63AF3}"
EndProject
Project("{FAE04EC0-301F-11D3-BF4B-00C04F79EFBC}") = "Employee", "Employee\Employee.csproj", "{79AE821D-40C0-45C7-A0A3-DDC75A42E3BC}"
EndProject
Project("{2150E333-8FDC-42A3-9474-1A3956D46DE8}") = "Absence", "Absence", "{13797BD3-9E6A-43D0-A2ED-0FD24682CA80}"
EndProject
Project("{FAE04EC0-301F-11D3-BF4B-00C04F79EFBC}") = "Absence.Contracts", "Absence.Contracts\Absence.Contracts.csproj", "{7BFE58D9-D5E6-4AAA-996F-71A794E0C2B0}"
EndProject
Project("{FAE04EC0-301F-11D3-BF4B-00C04F79EFBC}") = "Absence", "Absence\Absence.csproj", "{79F45E63-C9C0-4E18-A1CF-DABE9E113CA7}"
EndProject
Project("{2150E333-8FDC-42A3-9474-1A3956D46DE8}") = "Settings", "Settings", "{BEBF9731-573B-471D-85F6-25D172F8B272}"
EndProject
Project("{FAE04EC0-301F-11D3-BF4B-00C04F79EFBC}") = "Settings.Contracts", "Settings.Contracts\Settings.Contracts.csproj", "{D30E1A62-6AF7-4A65-894E-3FE2942CBF8D}"
EndProject
Project("{FAE04EC0-301F-11D3-BF4B-00C04F79EFBC}") = "Settings", "Settings\Settings.csproj", "{AE73B445-0CBC-474D-B252-E11AB0E6521A}"
EndProject
Project("{2150E333-8FDC-42A3-9474-1A3956D46DE8}") = "Shared", "Shared", "{2B7879D2-5887-4652-800A-5864D57B5989}"
EndProject
Project("{FAE04EC0-301F-11D3-BF4B-00C04F79EFBC}") = "Shared", "Shared\Shared.csproj", "{AD5B59D4-4DE7-46C9-ADFC-AF9B1135D1A5}"
EndProject
Project("{2150E333-8FDC-42A3-9474-1A3956D46DE8}") = "Schedule", "Schedule", "{7711A7AA-8BB0-4AEA-848E-02FCE779FBF8}"
EndProject
Project("{FAE04EC0-301F-11D3-BF4B-00C04F79EFBC}") = "WorkSchedule", "WorkSchedule\WorkSchedule.csproj", "{30261DD9-D5B9-4913-951B-8C1D2A972195}"
EndProject
Project("{FAE04EC0-301F-11D3-BF4B-00C04F79EFBC}") = "WorkSchedule.Contracts", "WorkSchedule.Contracts\WorkSchedule.Contracts.csproj", "{945F7E6B-9EF6-45CC-A145-7B52D9CE4896}"
EndProject
Project("{FAE04EC0-301F-11D3-BF4B-00C04F79EFBC}") = "Shared.Tests", "Shared.Tests\Shared.Tests.csproj", "{E96BE4A8-E624-48DA-BCAA-2D4958BB49FA}"
EndProject
Project("{FAE04EC0-301F-11D3-BF4B-00C04F79EFBC}") = "Settings.Tests", "Settings.Tests\Settings.Tests.csproj", "{33148114-B623-41B8-9DA1-83245E1796F6}"
EndProject
Project("{FAE04EC0-301F-11D3-BF4B-00C04F79EFBC}") = "Employee.Tests", "Employee.Tests\Employee.Tests.csproj", "{EE49366C-7DCF-4484-8B2F-337C6DCB741F}"
EndProject
Project("{FAE04EC0-301F-11D3-BF4B-00C04F79EFBC}") = "Absence.Tests", "Absence.Tests\Absence.Tests.csproj", "{37DC2EDD-3BE8-45EB-BFBB-D218AA31B555}"
EndProject
Project("{FAE04EC0-301F-11D3-BF4B-00C04F79EFBC}") = "WorkSchedule.Tests", "WorkSchedule.Tests\WorkSchedule.Tests.csproj", "{70B6D9A0-0A8F-4ED5-BA75-7F4194E6B7BC}"
EndProject
Global
	GlobalSection(SolutionConfigurationPlatforms) = preSolution
		Debug|Any CPU = Debug|Any CPU
		Release|Any CPU = Release|Any CPU
	EndGlobalSection
	GlobalSection(ProjectConfigurationPlatforms) = postSolution
		{957BCD28-83C0-4FA3-A6AA-067E427F9BD4}.Debug|Any CPU.ActiveCfg = Debug|Any CPU
		{957BCD28-83C0-4FA3-A6AA-067E427F9BD4}.Debug|Any CPU.Build.0 = Debug|Any CPU
		{957BCD28-83C0-4FA3-A6AA-067E427F9BD4}.Release|Any CPU.ActiveCfg = Release|Any CPU
		{957BCD28-83C0-4FA3-A6AA-067E427F9BD4}.Release|Any CPU.Build.0 = Release|Any CPU
		{D1BAEED3-EB70-4641-801D-11B0CDB63AF3}.Debug|Any CPU.ActiveCfg = Debug|Any CPU
		{D1BAEED3-EB70-4641-801D-11B0CDB63AF3}.Debug|Any CPU.Build.0 = Debug|Any CPU
		{D1BAEED3-EB70-4641-801D-11B0CDB63AF3}.Release|Any CPU.ActiveCfg = Release|Any CPU
		{D1BAEED3-EB70-4641-801D-11B0CDB63AF3}.Release|Any CPU.Build.0 = Release|Any CPU
		{79AE821D-40C0-45C7-A0A3-DDC75A42E3BC}.Debug|Any CPU.ActiveCfg = Debug|Any CPU
		{79AE821D-40C0-45C7-A0A3-DDC75A42E3BC}.Debug|Any CPU.Build.0 = Debug|Any CPU
		{79AE821D-40C0-45C7-A0A3-DDC75A42E3BC}.Release|Any CPU.ActiveCfg = Release|Any CPU
		{79AE821D-40C0-45C7-A0A3-DDC75A42E3BC}.Release|Any CPU.Build.0 = Release|Any CPU
		{7BFE58D9-D5E6-4AAA-996F-71A794E0C2B0}.Debug|Any CPU.ActiveCfg = Debug|Any CPU
		{7BFE58D9-D5E6-4AAA-996F-71A794E0C2B0}.Debug|Any CPU.Build.0 = Debug|Any CPU
		{7BFE58D9-D5E6-4AAA-996F-71A794E0C2B0}.Release|Any CPU.ActiveCfg = Release|Any CPU
		{7BFE58D9-D5E6-4AAA-996F-71A794E0C2B0}.Release|Any CPU.Build.0 = Release|Any CPU
		{79F45E63-C9C0-4E18-A1CF-DABE9E113CA7}.Debug|Any CPU.ActiveCfg = Debug|Any CPU
		{79F45E63-C9C0-4E18-A1CF-DABE9E113CA7}.Debug|Any CPU.Build.0 = Debug|Any CPU
		{79F45E63-C9C0-4E18-A1CF-DABE9E113CA7}.Release|Any CPU.ActiveCfg = Release|Any CPU
		{79F45E63-C9C0-4E18-A1CF-DABE9E113CA7}.Release|Any CPU.Build.0 = Release|Any CPU
		{D30E1A62-6AF7-4A65-894E-3FE2942CBF8D}.Debug|Any CPU.ActiveCfg = Debug|Any CPU
		{D30E1A62-6AF7-4A65-894E-3FE2942CBF8D}.Debug|Any CPU.Build.0 = Debug|Any CPU
		{D30E1A62-6AF7-4A65-894E-3FE2942CBF8D}.Release|Any CPU.ActiveCfg = Release|Any CPU
		{D30E1A62-6AF7-4A65-894E-3FE2942CBF8D}.Release|Any CPU.Build.0 = Release|Any CPU
		{AE73B445-0CBC-474D-B252-E11AB0E6521A}.Debug|Any CPU.ActiveCfg = Debug|Any CPU
		{AE73B445-0CBC-474D-B252-E11AB0E6521A}.Debug|Any CPU.Build.0 = Debug|Any CPU
		{AE73B445-0CBC-474D-B252-E11AB0E6521A}.Release|Any CPU.ActiveCfg = Release|Any CPU
		{AE73B445-0CBC-474D-B252-E11AB0E6521A}.Release|Any CPU.Build.0 = Release|Any CPU
		{AD5B59D4-4DE7-46C9-ADFC-AF9B1135D1A5}.Debug|Any CPU.ActiveCfg = Debug|Any CPU
		{AD5B59D4-4DE7-46C9-ADFC-AF9B1135D1A5}.Debug|Any CPU.Build.0 = Debug|Any CPU
		{AD5B59D4-4DE7-46C9-ADFC-AF9B1135D1A5}.Release|Any CPU.ActiveCfg = Release|Any CPU
		{AD5B59D4-4DE7-46C9-ADFC-AF9B1135D1A5}.Release|Any CPU.Build.0 = Release|Any CPU
		{30261DD9-D5B9-4913-951B-8C1D2A972195}.Debug|Any CPU.ActiveCfg = Debug|Any CPU
		{30261DD9-D5B9-4913-951B-8C1D2A972195}.Debug|Any CPU.Build.0 = Debug|Any CPU
		{30261DD9-D5B9-4913-951B-8C1D2A972195}.Release|Any CPU.ActiveCfg = Release|Any CPU
		{30261DD9-D5B9-4913-951B-8C1D2A972195}.Release|Any CPU.Build.0 = Release|Any CPU
		{945F7E6B-9EF6-45CC-A145-7B52D9CE4896}.Debug|Any CPU.ActiveCfg = Debug|Any CPU
		{945F7E6B-9EF6-45CC-A145-7B52D9CE4896}.Debug|Any CPU.Build.0 = Debug|Any CPU
		{945F7E6B-9EF6-45CC-A145-7B52D9CE4896}.Release|Any CPU.ActiveCfg = Release|Any CPU
		{945F7E6B-9EF6-45CC-A145-7B52D9CE4896}.Release|Any CPU.Build.0 = Release|Any CPU
		{E96BE4A8-E624-48DA-BCAA-2D4958BB49FA}.Debug|Any CPU.ActiveCfg = Debug|Any CPU
		{E96BE4A8-E624-48DA-BCAA-2D4958BB49FA}.Debug|Any CPU.Build.0 = Debug|Any CPU
		{E96BE4A8-E624-48DA-BCAA-2D4958BB49FA}.Release|Any CPU.ActiveCfg = Release|Any CPU
		{E96BE4A8-E624-48DA-BCAA-2D4958BB49FA}.Release|Any CPU.Build.0 = Release|Any CPU
		{33148114-B623-41B8-9DA1-83245E1796F6}.Debug|Any CPU.ActiveCfg = Debug|Any CPU
		{33148114-B623-41B8-9DA1-83245E1796F6}.Debug|Any CPU.Build.0 = Debug|Any CPU
		{33148114-B623-41B8-9DA1-83245E1796F6}.Release|Any CPU.ActiveCfg = Release|Any CPU
		{33148114-B623-41B8-9DA1-83245E1796F6}.Release|Any CPU.Build.0 = Release|Any CPU
		{EE49366C-7DCF-4484-8B2F-337C6DCB741F}.Debug|Any CPU.ActiveCfg = Debug|Any CPU
		{EE49366C-7DCF-4484-8B2F-337C6DCB741F}.Debug|Any CPU.Build.0 = Debug|Any CPU
		{EE49366C-7DCF-4484-8B2F-337C6DCB741F}.Release|Any CPU.ActiveCfg = Release|Any CPU
		{EE49366C-7DCF-4484-8B2F-337C6DCB741F}.Release|Any CPU.Build.0 = Release|Any CPU
		{37DC2EDD-3BE8-45EB-BFBB-D218AA31B555}.Debug|Any CPU.ActiveCfg = Debug|Any CPU
		{37DC2EDD-3BE8-45EB-BFBB-D218AA31B555}.Debug|Any CPU.Build.0 = Debug|Any CPU
		{37DC2EDD-3BE8-45EB-BFBB-D218AA31B555}.Release|Any CPU.ActiveCfg = Release|Any CPU
		{37DC2EDD-3BE8-45EB-BFBB-D218AA31B555}.Release|Any CPU.Build.0 = Release|Any CPU
		{70B6D9A0-0A8F-4ED5-BA75-7F4194E6B7BC}.Debug|Any CPU.ActiveCfg = Debug|Any CPU
		{70B6D9A0-0A8F-4ED5-BA75-7F4194E6B7BC}.Debug|Any CPU.Build.0 = Debug|Any CPU
		{70B6D9A0-0A8F-4ED5-BA75-7F4194E6B7BC}.Release|Any CPU.ActiveCfg = Release|Any CPU
		{70B6D9A0-0A8F-4ED5-BA75-7F4194E6B7BC}.Release|Any CPU.Build.0 = Release|Any CPU
	EndGlobalSection
	GlobalSection(SolutionProperties) = preSolution
		HideSolutionNode = FALSE
	EndGlobalSection
	GlobalSection(NestedProjects) = preSolution
		{957BCD28-83C0-4FA3-A6AA-067E427F9BD4} = {193DA631-86E6-4291-84B8-6B28DFBA8554}
		{D1BAEED3-EB70-4641-801D-11B0CDB63AF3} = {02EA681E-C7D8-13C7-8484-4AC65E1B71E8}
		{79AE821D-40C0-45C7-A0A3-DDC75A42E3BC} = {02EA681E-C7D8-13C7-8484-4AC65E1B71E8}
		{7BFE58D9-D5E6-4AAA-996F-71A794E0C2B0} = {13797BD3-9E6A-43D0-A2ED-0FD24682CA80}
		{79F45E63-C9C0-4E18-A1CF-DABE9E113CA7} = {13797BD3-9E6A-43D0-A2ED-0FD24682CA80}
		{D30E1A62-6AF7-4A65-894E-3FE2942CBF8D} = {BEBF9731-573B-471D-85F6-25D172F8B272}
		{AE73B445-0CBC-474D-B252-E11AB0E6521A} = {BEBF9731-573B-471D-85F6-25D172F8B272}
		{AD5B59D4-4DE7-46C9-ADFC-AF9B1135D1A5} = {2B7879D2-5887-4652-800A-5864D57B5989}
		{30261DD9-D5B9-4913-951B-8C1D2A972195} = {7711A7AA-8BB0-4AEA-848E-02FCE779FBF8}
		{945F7E6B-9EF6-45CC-A145-7B52D9CE4896} = {7711A7AA-8BB0-4AEA-848E-02FCE779FBF8}
		{E96BE4A8-E624-48DA-BCAA-2D4958BB49FA} = {2B7879D2-5887-4652-800A-5864D57B5989}
		{33148114-B623-41B8-9DA1-83245E1796F6} = {BEBF9731-573B-471D-85F6-25D172F8B272}
		{EE49366C-7DCF-4484-8B2F-337C6DCB741F} = {02EA681E-C7D8-13C7-8484-4AC65E1B71E8}
		{37DC2EDD-3BE8-45EB-BFBB-D218AA31B555} = {13797BD3-9E6A-43D0-A2ED-0FD24682CA80}
		{70B6D9A0-0A8F-4ED5-BA75-7F4194E6B7BC} = {7711A7AA-8BB0-4AEA-848E-02FCE779FBF8}
	EndGlobalSection
	GlobalSection(ExtensibilityGlobals) = postSolution
		SolutionGuid = {6AC8D6CE-68FE-4109-9A2E-A7443353CA0F}
	EndGlobalSection
EndGlobal
